
Microsoft Visual Studio Solution File, Format Version 12.00
# Visual Studio Version 17
VisualStudioVersion = 17.9.34728.123
MinimumVisualStudioVersion = 10.0.40219.1
Project("{FAE04EC0-301F-11D3-BF4B-00C04F79EFBC}") = "AutoSetup", "AutoSetup\AutoSetup.csproj", "{A3062501-7F01-4D67-9A80-0F59D94B5A83}"
EndProject
Global
	GlobalSection(SolutionConfigurationPlatforms) = preSolution
		Debug|Any CPU = Debug|Any CPU
		Release|Any CPU = Release|Any CPU
	EndGlobalSection
	GlobalSection(ProjectConfigurationPlatforms) = postSolution
		{A3062501-7F01-4D67-9A80-0F59D94B5A83}.Debug|Any CPU.ActiveCfg = Debug|Any CPU
		{A3062501-7F01-4D67-9A80-0F59D94B5A83}.Debug|Any CPU.Build.0 = Debug|Any CPU
		{A3062501-7F01-4D67-9A80-0F59D94B5A83}.Release|Any CPU.ActiveCfg = Release|Any CPU
		{A3062501-7F01-4D67-9A80-0F59D94B5A83}.Release|Any CPU.Build.0 = Release|Any CPU
	EndGlobalSection
	GlobalSection(SolutionProperties) = preSolution
		HideSolutionNode = FALSE
	EndGlobalSection
	GlobalSection(ExtensibilityGlobals) = postSolution
		SolutionGuid = {4CA8ED44-5617-4D60-9C54-A270BE152685}
	EndGlobalSection
EndGlobal
